%{
  "jason": {:hex, :jason, "1.2.2", "ba43e3f2709fd1aa1dce90aaabfd039d000469c05c56f0b8e31978e03fa39052", [:mix], [{:decimal, "~> 1.0 or ~> 2.0", [hex: :decimal, repo: "hexpm", optional: true]}], "hexpm", "18a228f5f0058ee183f29f9eae0805c6e59d61c3b006760668d8d18ff0d12179"},
  "seg_seg": {:hex, :seg_seg, "0.1.1", "a7a5c072ad9de3af1bb5e155492c2c7a0fd5f381700efe9b9ba38c95fb997bd7", [:mix], [{:vector, "~> 1.0", [hex: :vector, repo: "hexpm", optional: false]}], "hexpm", "60830e037b6ac9e1b7d360d2eec0e02834c26bba7f1bebad4dd90a00d31ab119"},
  "vector": {:hex, :vector, "1.0.1", "587fdc3866a224c359df80b5f59f403ac38817f9f60d4076fd0d1128028ea4cd", [:mix], [], "hexpm", "28d6fd19e4b2ed1a39efa67ae5aaecf813c04a77db19d93b767bd347736ec9ea"},
}
